
Microsoft Visual Studio Solution File, Format Version 12.00
# Visual Studio Version 16
VisualStudioVersion = 16.0.31729.503
MinimumVisualStudioVersion = 10.0.40219.1
Project("{9A19103F-16F7-4668-BE54-9A1E7A4F7556}") = "EmployeeTests", "tests\EmployeeTests\EmployeeTests.csproj", "{90616B6B-4813-40ED-AA01-DD78DA867788}"
EndProject
Project("{9A19103F-16F7-4668-BE54-9A1E7A4F7556}") = "AnimalsTests", "tests\AnimalsTests\AnimalsTests.csproj", "{297D86CD-2BF2-4073-8BA4-180809D62581}"
EndProject
Project("{9A19103F-16F7-4668-BE54-9A1E7A4F7556}") = "EnclouserTests", "tests\EnclouserTests\EnclouserTests.csproj", "{67F0CA62-541B-4F89-918D-281AF624136B}"
EndProject
Project("{9A19103F-16F7-4668-BE54-9A1E7A4F7556}") = "ZooTests", "tests\ZooTests\ZooTests.csproj", "{A3053EA1-267F-4A81-9D97-BE89C676351A}"
EndProject
Project("{9A19103F-16F7-4668-BE54-9A1E7A4F7556}") = "ZooAppTests", "tests\ZooAppTests\ZooAppTests.csproj", "{7BF98BCD-A993-48FB-8AD0-CC7045067517}"
EndProject
Project("{9A19103F-16F7-4668-BE54-9A1E7A4F7556}") = "ZooApps", "src\ZooApps\ZooApps.csproj", "{F0981252-5E8F-4637-9ED1-D74FCC0B30CC}"
EndProject
Global
	GlobalSection(SolutionConfigurationPlatforms) = preSolution
		Debug|Any CPU = Debug|Any CPU
		Release|Any CPU = Release|Any CPU
	EndGlobalSection
	GlobalSection(ProjectConfigurationPlatforms) = postSolution
		{90616B6B-4813-40ED-AA01-DD78DA867788}.Debug|Any CPU.ActiveCfg = Debug|Any CPU
		{90616B6B-4813-40ED-AA01-DD78DA867788}.Debug|Any CPU.Build.0 = Debug|Any CPU
		{90616B6B-4813-40ED-AA01-DD78DA867788}.Release|Any CPU.ActiveCfg = Release|Any CPU
		{90616B6B-4813-40ED-AA01-DD78DA867788}.Release|Any CPU.Build.0 = Release|Any CPU
		{297D86CD-2BF2-4073-8BA4-180809D62581}.Debug|Any CPU.ActiveCfg = Debug|Any CPU
		{297D86CD-2BF2-4073-8BA4-180809D62581}.Debug|Any CPU.Build.0 = Debug|Any CPU
		{297D86CD-2BF2-4073-8BA4-180809D62581}.Release|Any CPU.ActiveCfg = Release|Any CPU
		{297D86CD-2BF2-4073-8BA4-180809D62581}.Release|Any CPU.Build.0 = Release|Any CPU
		{67F0CA62-541B-4F89-918D-281AF624136B}.Debug|Any CPU.ActiveCfg = Debug|Any CPU
		{67F0CA62-541B-4F89-918D-281AF624136B}.Debug|Any CPU.Build.0 = Debug|Any CPU
		{67F0CA62-541B-4F89-918D-281AF624136B}.Release|Any CPU.ActiveCfg = Release|Any CPU
		{67F0CA62-541B-4F89-918D-281AF624136B}.Release|Any CPU.Build.0 = Release|Any CPU
		{A3053EA1-267F-4A81-9D97-BE89C676351A}.Debug|Any CPU.ActiveCfg = Debug|Any CPU
		{A3053EA1-267F-4A81-9D97-BE89C676351A}.Debug|Any CPU.Build.0 = Debug|Any CPU
		{A3053EA1-267F-4A81-9D97-BE89C676351A}.Release|Any CPU.ActiveCfg = Release|Any CPU
		{A3053EA1-267F-4A81-9D97-BE89C676351A}.Release|Any CPU.Build.0 = Release|Any CPU
		{7BF98BCD-A993-48FB-8AD0-CC7045067517}.Debug|Any CPU.ActiveCfg = Debug|Any CPU
		{7BF98BCD-A993-48FB-8AD0-CC7045067517}.Debug|Any CPU.Build.0 = Debug|Any CPU
		{7BF98BCD-A993-48FB-8AD0-CC7045067517}.Release|Any CPU.ActiveCfg = Release|Any CPU
		{7BF98BCD-A993-48FB-8AD0-CC7045067517}.Release|Any CPU.Build.0 = Release|Any CPU
		{F0981252-5E8F-4637-9ED1-D74FCC0B30CC}.Debug|Any CPU.ActiveCfg = Debug|Any CPU
		{F0981252-5E8F-4637-9ED1-D74FCC0B30CC}.Debug|Any CPU.Build.0 = Debug|Any CPU
		{F0981252-5E8F-4637-9ED1-D74FCC0B30CC}.Release|Any CPU.ActiveCfg = Release|Any CPU
		{F0981252-5E8F-4637-9ED1-D74FCC0B30CC}.Release|Any CPU.Build.0 = Release|Any CPU
	EndGlobalSection
	GlobalSection(SolutionProperties) = preSolution
		HideSolutionNode = FALSE
	EndGlobalSection
	GlobalSection(ExtensibilityGlobals) = postSolution
		SolutionGuid = {995D6FFF-EC44-435E-B213-12F44720F2B7}
	EndGlobalSection
EndGlobal
